
Microsoft Visual Studio Solution File, Format Version 9.00
# Visual C++ Express 2005
Project("{8BC9CEB8-8B4A-11D0-8D11-00A0C91BC942}") = "FiltersPlugin_Noise", "FiltersPlugin_Noise\FiltersPlugin_Noise.vcproj", "{26467EFF-2414-4B43-BE01-293BE8819FFA}"
EndProject
Global
	GlobalSection(SolutionConfigurationPlatforms) = preSolution
		Debug|Win32 = Debug|Win32
		Release|Win32 = Release|Win32
	EndGlobalSection
	GlobalSection(ProjectConfigurationPlatforms) = postSolution
		{26467EFF-2414-4B43-BE01-293BE8819FFA}.Debug|Win32.ActiveCfg = Debug|Win32
		{26467EFF-2414-4B43-BE01-293BE8819FFA}.Debug|Win32.Build.0 = Debug|Win32
		{26467EFF-2414-4B43-BE01-293BE8819FFA}.Release|Win32.ActiveCfg = Release|Win32
		{26467EFF-2414-4B43-BE01-293BE8819FFA}.Release|Win32.Build.0 = Release|Win32
	EndGlobalSection
	GlobalSection(SolutionProperties) = preSolution
		HideSolutionNode = FALSE
	EndGlobalSection
EndGlobal
